
Microsoft Visual Studio Solution File, Format Version 12.00
# Visual Studio 15
VisualStudioVersion = 15.0.28307.136
MinimumVisualStudioVersion = 10.0.40219.1
Project("{FAE04EC0-301F-11D3-BF4B-00C04F79EFBC}") = "NuiLunchBoxProject", "NuiLunchBoxProject\NuiLunchBoxProject.csproj", "{BE8E8CF4-FF2F-4D26-82D7-E4E7A90A153A}"
EndProject
Global
	GlobalSection(SolutionConfigurationPlatforms) = preSolution
		Debug|Any CPU = Debug|Any CPU
		Release|Any CPU = Release|Any CPU
	EndGlobalSection
	GlobalSection(ProjectConfigurationPlatforms) = postSolution
		{BE8E8CF4-FF2F-4D26-82D7-E4E7A90A153A}.Debug|Any CPU.ActiveCfg = Debug|Any CPU
		{BE8E8CF4-FF2F-4D26-82D7-E4E7A90A153A}.Debug|Any CPU.Build.0 = Debug|Any CPU
		{BE8E8CF4-FF2F-4D26-82D7-E4E7A90A153A}.Release|Any CPU.ActiveCfg = Release|Any CPU
		{BE8E8CF4-FF2F-4D26-82D7-E4E7A90A153A}.Release|Any CPU.Build.0 = Release|Any CPU
	EndGlobalSection
	GlobalSection(SolutionProperties) = preSolution
		HideSolutionNode = FALSE
	EndGlobalSection
	GlobalSection(ExtensibilityGlobals) = postSolution
		SolutionGuid = {B47D1A13-D5E7-4A0E-8CE9-CD33DCC0028E}
	EndGlobalSection
EndGlobal
